<?xml version="1.0" encoding="utf-8"?>
<Project ToolsVersion="4.0" xmlns="http://schemas.microsoft.com/developer/msbuild/2003">
  <ItemGroup>
    <Filter Include="源文件">
      <UniqueIdentifier>{4FC737F1-C7A5-4376-A066-2A32D752A2FF}</UniqueIdentifier>
      <Extensions>cpp;c;cc;cxx;def;odl;idl;hpj;bat;asm;asmx</Extensions>
    </Filter>
    <Filter Include="头文件">
      <UniqueIdentifier>{93995380-89BD-4b04-88EB-625FBE52EBFB}</UniqueIdentifier>
      <Extensions>h;hpp;hxx;hm;inl;inc;xsd</Extensions>
    </Filter>
    <Filter Include="资源文件">
      <UniqueIdentifier>{67DA6AB6-F800-4c08-8B7A-83BB121AAD01}</UniqueIdentifier>
      <Extensions>rc;ico;cur;bmp;dlg;rc2;rct;bin;rgs;gif;jpg;jpeg;jpe;resx;tiff;tif;png;wav;mfcribbon-ms</Extensions>
    </Filter>
    <Filter Include="public">
      <UniqueIdentifier>{0304dce4-a8be-4411-9767-38b018f4e1ba}</UniqueIdentifier>
    </Filter>
    <Filter Include="public\jthread">
      <UniqueIdentifier>{839ae64a-d0bf-4531-9daf-22092d6a4c09}</UniqueIdentifier>
    </Filter>
  </ItemGroup>
  <ItemGroup>
    <ClCompile Include="..\src\contex.cpp">
      <Filter>源文件</Filter>
    </ClCompile>
    <ClCompile Include="..\src\converter.cpp">
      <Filter>源文件</Filter>
    </ClCompile>
    <ClCompile Include="..\src\decoder.cpp">
      <Filter>源文件</Filter>
    </ClCompile>
    <ClCompile Include="..\src\render.cpp">
      <Filter>源文件</Filter>
    </ClCompile>
    <ClCompile Include="..\src\shader.cpp">
      <Filter>源文件</Filter>
    </ClCompile>
    <ClCompile Include="..\src\main.cpp">
      <Filter>源文件</Filter>
    </ClCompile>
    <ClCompile Include="..\src\includes\glad.c">
      <Filter>源文件</Filter>
    </ClCompile>
    <ClCompile Include="..\src\public\loger\logtrace.cpp">
      <Filter>public</Filter>
    </ClCompile>
    <ClCompile Include="..\src\public\coscond.cpp">
      <Filter>public</Filter>
    </ClCompile>
    <ClCompile Include="..\src\public\cosmutex.cpp">
      <Filter>public</Filter>
    </ClCompile>
    <ClCompile Include="..\src\public\costhread.cpp">
      <Filter>public</Filter>
    </ClCompile>
    <ClCompile Include="..\src\public\jthread\win32\jmutex.cpp">
      <Filter>public\jthread</Filter>
    </ClCompile>
    <ClCompile Include="..\src\public\jthread\win32\jthread.cpp">
      <Filter>public\jthread</Filter>
    </ClCompile>
    <ClCompile Include="..\src\stdafx.cpp">
      <Filter>源文件</Filter>
    </ClCompile>
    <ClCompile Include="..\src\transitionRender.cpp">
      <Filter>源文件</Filter>
    </ClCompile>
    <ClCompile Include="..\src\includes\stb_image.cpp">
      <Filter>源文件</Filter>
    </ClCompile>
    <ClCompile Include="..\src\imageHelper.cpp">
      <Filter>源文件</Filter>
    </ClCompile>
  </ItemGroup>
  <ItemGroup>
    <ClInclude Include="..\src\contex.h">
      <Filter>头文件</Filter>
    </ClInclude>
    <ClInclude Include="..\src\global.h">
      <Filter>头文件</Filter>
    </ClInclude>
    <ClInclude Include="..\src\decoder.h">
      <Filter>头文件</Filter>
    </ClInclude>
    <ClInclude Include="..\src\converter.h">
      <Filter>头文件</Filter>
    </ClInclude>
    <ClInclude Include="..\src\render.h">
      <Filter>头文件</Filter>
    </ClInclude>
    <ClInclude Include="..\src\shader.h">
      <Filter>头文件</Filter>
    </ClInclude>
    <ClInclude Include="..\src\public\loger\logtrace.h">
      <Filter>public</Filter>
    </ClInclude>
    <ClInclude Include="..\src\public\coscond.h">
      <Filter>public</Filter>
    </ClInclude>
    <ClInclude Include="..\src\public\cosmutex.h">
      <Filter>public</Filter>
    </ClInclude>
    <ClInclude Include="..\src\public\costhread.h">
      <Filter>public</Filter>
    </ClInclude>
    <ClInclude Include="..\src\public\jthread\jmutex.h">
      <Filter>public\jthread</Filter>
    </ClInclude>
    <ClInclude Include="..\src\public\jthread\jmutexautolock.h">
      <Filter>public\jthread</Filter>
    </ClInclude>
    <ClInclude Include="..\src\public\jthread\jthread.h">
      <Filter>public\jthread</Filter>
    </ClInclude>
    <ClInclude Include="..\src\public\jthread\jthreadconfig.h">
      <Filter>public\jthread</Filter>
    </ClInclude>
    <ClInclude Include="..\src\stdafx.h">
      <Filter>头文件</Filter>
    </ClInclude>
    <ClInclude Include="..\src\targetver.h">
      <Filter>头文件</Filter>
    </ClInclude>
    <ClInclude Include="..\src\transitionRender.h">
      <Filter>头文件</Filter>
    </ClInclude>
    <ClInclude Include="..\src\imageHelper.h">
      <Filter>头文件</Filter>
    </ClInclude>
  </ItemGroup>
  <ItemGroup>
    <None Include="..\src\transitions\GlitchDisplace.glsl">
      <Filter>资源文件</Filter>
    </None>
    <None Include="..\src\effect\circle.glsl">
      <Filter>资源文件</Filter>
    </None>
  </ItemGroup>
</Project>